// !$*UTF8*$!
{
	archiveVersion = 1;
	classes = {
	};
	objectVersion = 46;
	objects = {

/* Begin PBXBuildFile section */
		330BDCB0176594CE009BD559 /* libSocketRocket.a in Frameworks */ = {isa = PBXBuildFile; fileRef = 338D094C17640A260006496F /* libSocketRocket.a */; };
		338D093A1764040F0006496F /* Reachability.m in Sources */ = {isa = PBXBuildFile; fileRef = 338D09321764040F0006496F /* Reachability.m */; };
		4DE9EB69170D870A005B295E /* Foundation.framework in Frameworks */ = {isa = PBXBuildFile; fileRef = 4DE9EB68170D870A005B295E /* Foundation.framework */; };
		4DE9EB6E170D870A005B295E /* KATSocketShuttle.h in CopyFiles */ = {isa = PBXBuildFile; fileRef = 4DE9EB6D170D870A005B295E /* KATSocketShuttle.h */; };
		4DE9EB70170D870A005B295E /* KATSocketShuttle.m in Sources */ = {isa = PBXBuildFile; fileRef = 4DE9EB6F170D870A005B295E /* KATSocketShuttle.m */; };
		905AF9A117BB3F40002FDE4E /* Cocoa.framework in Frameworks */ = {isa = PBXBuildFile; fileRef = 905AF9A017BB3F40002FDE4E /* Cocoa.framework */; };
		905AF9CD17BB3F83002FDE4E /* KATSocketShuttle.m in Sources */ = {isa = PBXBuildFile; fileRef = 4DE9EB6F170D870A005B295E /* KATSocketShuttle.m */; };
		905AF9CE17BB3F91002FDE4E /* SocketRocket.framework in Frameworks */ = {isa = PBXBuildFile; fileRef = 338D094E17640A260006496F /* SocketRocket.framework */; };
		905AF9D017BB3FAB002FDE4E /* SocketRocket.framework in CopyFiles */ = {isa = PBXBuildFile; fileRef = 338D094E17640A260006496F /* SocketRocket.framework */; };
		905AF9D117BB3FD0002FDE4E /* Reachability.m in Sources */ = {isa = PBXBuildFile; fileRef = 338D09321764040F0006496F /* Reachability.m */; };
/* End PBXBuildFile section */

/* Begin PBXContainerItemProxy section */
		338D094B17640A260006496F /* PBXContainerItemProxy */ = {
			isa = PBXContainerItemProxy;
			containerPortal = 338D094417640A260006496F /* SocketRocket.xcodeproj */;
			proxyType = 2;
			remoteGlobalIDString = F6B2082D1450F597009315AF;
			remoteInfo = SocketRocket;
		};
		338D094D17640A260006496F /* PBXContainerItemProxy */ = {
			isa = PBXContainerItemProxy;
			containerPortal = 338D094417640A260006496F /* SocketRocket.xcodeproj */;
			proxyType = 2;
			remoteGlobalIDString = F668C880153E91210044DBAC;
			remoteInfo = SocketRocketOSX;
		};
		338D094F17640A260006496F /* PBXContainerItemProxy */ = {
			isa = PBXContainerItemProxy;
			containerPortal = 338D094417640A260006496F /* SocketRocket.xcodeproj */;
			proxyType = 2;
			remoteGlobalIDString = F6BDA802145900D200FE3253;
			remoteInfo = SRWebSocketTests;
		};
		338D095117640A260006496F /* PBXContainerItemProxy */ = {
			isa = PBXContainerItemProxy;
			containerPortal = 338D094417640A260006496F /* SocketRocket.xcodeproj */;
			proxyType = 2;
			remoteGlobalIDString = F62417E314D52F3C003CE997;
			remoteInfo = TestChat;
		};
/* End PBXContainerItemProxy section */

/* Begin PBXCopyFilesBuildPhase section */
		4DE9EB63170D870A005B295E /* CopyFiles */ = {
			isa = PBXCopyFilesBuildPhase;
			buildActionMask = 2147483647;
			dstPath = "include/${PRODUCT_NAME}";
			dstSubfolderSpec = 16;
			files = (
				4DE9EB6E170D870A005B295E /* KATSocketShuttle.h in CopyFiles */,
			);
			runOnlyForDeploymentPostprocessing = 0;
		};
		905AF9CF17BB3FA1002FDE4E /* CopyFiles */ = {
			isa = PBXCopyFilesBuildPhase;
			buildActionMask = 2147483647;
			dstPath = "";
			dstSubfolderSpec = 10;
			files = (
				905AF9D017BB3FAB002FDE4E /* SocketRocket.framework in CopyFiles */,
			);
			runOnlyForDeploymentPostprocessing = 0;
		};
/* End PBXCopyFilesBuildPhase section */

/* Begin PBXFileReference section */
		338D09311764040F0006496F /* Reachability.h */ = {isa = PBXFileReference; fileEncoding = 4; lastKnownFileType = sourcecode.c.h; path = Reachability.h; sourceTree = "<group>"; };
		338D09321764040F0006496F /* Reachability.m */ = {isa = PBXFileReference; fileEncoding = 4; lastKnownFileType = sourcecode.c.objc; path = Reachability.m; sourceTree = "<group>"; };
		338D094417640A260006496F /* SocketRocket.xcodeproj */ = {isa = PBXFileReference; lastKnownFileType = "wrapper.pb-project"; name = SocketRocket.xcodeproj; path = "Third-Party/SocketRocket/SocketRocket.xcodeproj"; sourceTree = SOURCE_ROOT; };
		4DE9EB65170D870A005B295E /* libSocketShuttle.a */ = {isa = PBXFileReference; explicitFileType = archive.ar; includeInIndex = 0; path = libSocketShuttle.a; sourceTree = BUILT_PRODUCTS_DIR; };
		4DE9EB68170D870A005B295E /* Foundation.framework */ = {isa = PBXFileReference; lastKnownFileType = wrapper.framework; name = Foundation.framework; path = System/Library/Frameworks/Foundation.framework; sourceTree = SDKROOT; };
		4DE9EB6D170D870A005B295E /* KATSocketShuttle.h */ = {isa = PBXFileReference; lastKnownFileType = sourcecode.c.h; path = KATSocketShuttle.h; sourceTree = "<group>"; };
		4DE9EB6F170D870A005B295E /* KATSocketShuttle.m */ = {isa = PBXFileReference; lastKnownFileType = sourcecode.c.objc; path = KATSocketShuttle.m; sourceTree = "<group>"; };
		905AF99F17BB3F40002FDE4E /* SocketShuttle.framework */ = {isa = PBXFileReference; explicitFileType = wrapper.framework; includeInIndex = 0; path = SocketShuttle.framework; sourceTree = BUILT_PRODUCTS_DIR; };
		905AF9A017BB3F40002FDE4E /* Cocoa.framework */ = {isa = PBXFileReference; lastKnownFileType = wrapper.framework; name = Cocoa.framework; path = Library/Frameworks/Cocoa.framework; sourceTree = DEVELOPER_DIR; };
		905AF9A317BB3F40002FDE4E /* Foundation.framework */ = {isa = PBXFileReference; lastKnownFileType = wrapper.framework; name = Foundation.framework; path = Library/Frameworks/Foundation.framework; sourceTree = SDKROOT; };
		905AF9A417BB3F40002FDE4E /* CoreData.framework */ = {isa = PBXFileReference; lastKnownFileType = wrapper.framework; name = CoreData.framework; path = Library/Frameworks/CoreData.framework; sourceTree = SDKROOT; };
		905AF9A517BB3F40002FDE4E /* AppKit.framework */ = {isa = PBXFileReference; lastKnownFileType = wrapper.framework; name = AppKit.framework; path = Library/Frameworks/AppKit.framework; sourceTree = SDKROOT; };
		905AF9A817BB3F40002FDE4E /* SocketShuttleOSX-Info.plist */ = {isa = PBXFileReference; lastKnownFileType = text.plist.xml; path = "SocketShuttleOSX-Info.plist"; sourceTree = "<group>"; };
		905AF9AC17BB3F40002FDE4E /* SocketShuttleOSX-Prefix.pch */ = {isa = PBXFileReference; lastKnownFileType = sourcecode.c.h; path = "SocketShuttleOSX-Prefix.pch"; sourceTree = "<group>"; };
		905AF9B517BB3F40002FDE4E /* XCTest.framework */ = {isa = PBXFileReference; lastKnownFileType = wrapper.framework; name = XCTest.framework; path = Library/Frameworks/XCTest.framework; sourceTree = DEVELOPER_DIR; };
/* End PBXFileReference section */

/* Begin PBXFrameworksBuildPhase section */
		4DE9EB62170D870A005B295E /* Frameworks */ = {
			isa = PBXFrameworksBuildPhase;
			buildActionMask = 2147483647;
			files = (
				330BDCB0176594CE009BD559 /* libSocketRocket.a in Frameworks */,
				4DE9EB69170D870A005B295E /* Foundation.framework in Frameworks */,
			);
			runOnlyForDeploymentPostprocessing = 0;
		};
		905AF99B17BB3F40002FDE4E /* Frameworks */ = {
			isa = PBXFrameworksBuildPhase;
			buildActionMask = 2147483647;
			files = (
				905AF9CE17BB3F91002FDE4E /* SocketRocket.framework in Frameworks */,
				905AF9A117BB3F40002FDE4E /* Cocoa.framework in Frameworks */,
			);
			runOnlyForDeploymentPostprocessing = 0;
		};
/* End PBXFrameworksBuildPhase section */

/* Begin PBXGroup section */
		338D090E1764040F0006496F /* Reachability */ = {
			isa = PBXGroup;
			children = (
				338D09311764040F0006496F /* Reachability.h */,
				338D09321764040F0006496F /* Reachability.m */,
			);
			name = Reachability;
			path = "Third-Party/Reachability";
			sourceTree = SOURCE_ROOT;
		};
		338D0941176404160006496F /* Third-Party */ = {
			isa = PBXGroup;
			children = (
				338D094417640A260006496F /* SocketRocket.xcodeproj */,
				338D090E1764040F0006496F /* Reachability */,
			);
			name = "Third-Party";
			sourceTree = "<group>";
		};
		338D094517640A260006496F /* Products */ = {
			isa = PBXGroup;
			children = (
				338D094C17640A260006496F /* libSocketRocket.a */,
				338D094E17640A260006496F /* SocketRocket.framework */,
				338D095017640A260006496F /* SRWebSocketTests.octest */,
				338D095217640A260006496F /* TestChat.app */,
			);
			name = Products;
			sourceTree = "<group>";
		};
		4DE9EB5C170D870A005B295E = {
			isa = PBXGroup;
			children = (
				4DE9EB6A170D870A005B295E /* SocketShuttle */,
				905AF9A617BB3F40002FDE4E /* SocketShuttleOSX */,
				4DE9EB67170D870A005B295E /* Frameworks */,
				4DE9EB66170D870A005B295E /* Products */,
			);
			sourceTree = "<group>";
		};
		4DE9EB66170D870A005B295E /* Products */ = {
			isa = PBXGroup;
			children = (
				4DE9EB65170D870A005B295E /* libSocketShuttle.a */,
				905AF99F17BB3F40002FDE4E /* SocketShuttle.framework */,
			);
			name = Products;
			sourceTree = "<group>";
		};
		4DE9EB67170D870A005B295E /* Frameworks */ = {
			isa = PBXGroup;
			children = (
				4DE9EB68170D870A005B295E /* Foundation.framework */,
				905AF9A017BB3F40002FDE4E /* Cocoa.framework */,
				905AF9B517BB3F40002FDE4E /* XCTest.framework */,
				905AF9A217BB3F40002FDE4E /* Other Frameworks */,
			);
			name = Frameworks;
			sourceTree = "<group>";
		};
		4DE9EB6A170D870A005B295E /* SocketShuttle */ = {
			isa = PBXGroup;
			children = (
				338D0941176404160006496F /* Third-Party */,
				4DE9EB6D170D870A005B295E /* KATSocketShuttle.h */,
				4DE9EB6F170D870A005B295E /* KATSocketShuttle.m */,
			);
			path = SocketShuttle;
			sourceTree = "<group>";
		};
		905AF9A217BB3F40002FDE4E /* Other Frameworks */ = {
			isa = PBXGroup;
			children = (
				905AF9A317BB3F40002FDE4E /* Foundation.framework */,
				905AF9A417BB3F40002FDE4E /* CoreData.framework */,
				905AF9A517BB3F40002FDE4E /* AppKit.framework */,
			);
			name = "Other Frameworks";
			sourceTree = "<group>";
		};
		905AF9A617BB3F40002FDE4E /* SocketShuttleOSX */ = {
			isa = PBXGroup;
			children = (
				905AF9A817BB3F40002FDE4E /* SocketShuttleOSX-Info.plist */,
				905AF9AC17BB3F40002FDE4E /* SocketShuttleOSX-Prefix.pch */,
			);
			path = SocketShuttleOSX;
			sourceTree = "<group>";
		};
/* End PBXGroup section */

/* Begin PBXHeadersBuildPhase section */
		905AF99C17BB3F40002FDE4E /* Headers */ = {
			isa = PBXHeadersBuildPhase;
			buildActionMask = 2147483647;
			files = (
			);
			runOnlyForDeploymentPostprocessing = 0;
		};
/* End PBXHeadersBuildPhase section */

/* Begin PBXNativeTarget section */
		4DE9EB64170D870A005B295E /* SocketShuttle */ = {
			isa = PBXNativeTarget;
			buildConfigurationList = 4DE9EB73170D870A005B295E /* Build configuration list for PBXNativeTarget "SocketShuttle" */;
			buildPhases = (
				4DE9EB61170D870A005B295E /* Sources */,
				4DE9EB62170D870A005B295E /* Frameworks */,
				4DE9EB63170D870A005B295E /* CopyFiles */,
			);
			buildRules = (
			);
			dependencies = (
			);
			name = SocketShuttle;
			productName = KATSocketShuttle;
			productReference = 4DE9EB65170D870A005B295E /* libSocketShuttle.a */;
			productType = "com.apple.product-type.library.static";
		};
		905AF99E17BB3F40002FDE4E /* SocketShuttleOSX */ = {
			isa = PBXNativeTarget;
			buildConfigurationList = 905AF9CB17BB3F40002FDE4E /* Build configuration list for PBXNativeTarget "SocketShuttleOSX" */;
			buildPhases = (
				905AF99A17BB3F40002FDE4E /* Sources */,
				905AF99B17BB3F40002FDE4E /* Frameworks */,
				905AF99C17BB3F40002FDE4E /* Headers */,
				905AF99D17BB3F40002FDE4E /* Resources */,
				905AF9CF17BB3FA1002FDE4E /* CopyFiles */,
			);
			buildRules = (
			);
			dependencies = (
			);
			name = SocketShuttleOSX;
			productName = SocketShuttleOSX;
			productReference = 905AF99F17BB3F40002FDE4E /* SocketShuttle.framework */;
			productType = "com.apple.product-type.framework";
		};
/* End PBXNativeTarget section */

/* Begin PBXProject section */
		4DE9EB5D170D870A005B295E /* Project object */ = {
			isa = PBXProject;
			attributes = {
				LastUpgradeCheck = 0460;
				ORGANIZATIONNAME = "Martin Kavalar";
			};
			buildConfigurationList = 4DE9EB60170D870A005B295E /* Build configuration list for PBXProject "SocketShuttle" */;
			compatibilityVersion = "Xcode 3.2";
			developmentRegion = English;
			hasScannedForEncodings = 0;
			knownRegions = (
				en,
			);
			mainGroup = 4DE9EB5C170D870A005B295E;
			productRefGroup = 4DE9EB66170D870A005B295E /* Products */;
			projectDirPath = "";
			projectReferences = (
				{
					ProductGroup = 338D094517640A260006496F /* Products */;
					ProjectRef = 338D094417640A260006496F /* SocketRocket.xcodeproj */;
				},
			);
			projectRoot = "";
			targets = (
				4DE9EB64170D870A005B295E /* SocketShuttle */,
				905AF99E17BB3F40002FDE4E /* SocketShuttleOSX */,
			);
		};
/* End PBXProject section */

/* Begin PBXReferenceProxy section */
		338D094C17640A260006496F /* libSocketRocket.a */ = {
			isa = PBXReferenceProxy;
			fileType = archive.ar;
			path = libSocketRocket.a;
			remoteRef = 338D094B17640A260006496F /* PBXContainerItemProxy */;
			sourceTree = BUILT_PRODUCTS_DIR;
		};
		338D094E17640A260006496F /* SocketRocket.framework */ = {
			isa = PBXReferenceProxy;
			fileType = wrapper.framework;
			path = SocketRocket.framework;
			remoteRef = 338D094D17640A260006496F /* PBXContainerItemProxy */;
			sourceTree = BUILT_PRODUCTS_DIR;
		};
		338D095017640A260006496F /* SRWebSocketTests.octest */ = {
			isa = PBXReferenceProxy;
			fileType = wrapper.cfbundle;
			path = SRWebSocketTests.octest;
			remoteRef = 338D094F17640A260006496F /* PBXContainerItemProxy */;
			sourceTree = BUILT_PRODUCTS_DIR;
		};
		338D095217640A260006496F /* TestChat.app */ = {
			isa = PBXReferenceProxy;
			fileType = wrapper.application;
			path = TestChat.app;
			remoteRef = 338D095117640A260006496F /* PBXContainerItemProxy */;
			sourceTree = BUILT_PRODUCTS_DIR;
		};
/* End PBXReferenceProxy section */

/* Begin PBXResourcesBuildPhase section */
		905AF99D17BB3F40002FDE4E /* Resources */ = {
			isa = PBXResourcesBuildPhase;
			buildActionMask = 2147483647;
			files = (
			);
			runOnlyForDeploymentPostprocessing = 0;
		};
/* End PBXResourcesBuildPhase section */

/* Begin PBXSourcesBuildPhase section */
		4DE9EB61170D870A005B295E /* Sources */ = {
			isa = PBXSourcesBuildPhase;
			buildActionMask = 2147483647;
			files = (
				4DE9EB70170D870A005B295E /* KATSocketShuttle.m in Sources */,
				338D093A1764040F0006496F /* Reachability.m in Sources */,
			);
			runOnlyForDeploymentPostprocessing = 0;
		};
		905AF99A17BB3F40002FDE4E /* Sources */ = {
			isa = PBXSourcesBuildPhase;
			buildActionMask = 2147483647;
			files = (
				905AF9D117BB3FD0002FDE4E /* Reachability.m in Sources */,
				905AF9CD17BB3F83002FDE4E /* KATSocketShuttle.m in Sources */,
			);
			runOnlyForDeploymentPostprocessing = 0;
		};
/* End PBXSourcesBuildPhase section */

/* Begin XCBuildConfiguration section */
		4DE9EB71170D870A005B295E /* Debug */ = {
			isa = XCBuildConfiguration;
			buildSettings = {
				ALWAYS_SEARCH_USER_PATHS = NO;
				CLANG_CXX_LANGUAGE_STANDARD = "gnu++0x";
				CLANG_CXX_LIBRARY = "libc++";
				CLANG_ENABLE_OBJC_ARC = YES;
				CLANG_WARN_CONSTANT_CONVERSION = YES;
				CLANG_WARN_EMPTY_BODY = YES;
				CLANG_WARN_ENUM_CONVERSION = YES;
				CLANG_WARN_INT_CONVERSION = YES;
				CLANG_WARN__DUPLICATE_METHOD_MATCH = YES;
				COPY_PHASE_STRIP = NO;
				GCC_C_LANGUAGE_STANDARD = gnu99;
				GCC_DYNAMIC_NO_PIC = NO;
				GCC_OPTIMIZATION_LEVEL = 0;
				GCC_PREPROCESSOR_DEFINITIONS = (
					"DEBUG=1",
					"$(inherited)",
				);
				GCC_SYMBOLS_PRIVATE_EXTERN = NO;
				GCC_WARN_ABOUT_RETURN_TYPE = YES;
				GCC_WARN_UNINITIALIZED_AUTOS = YES;
				GCC_WARN_UNUSED_VARIABLE = YES;
				IPHONEOS_DEPLOYMENT_TARGET = 6.1;
				ONLY_ACTIVE_ARCH = YES;
				SDKROOT = iphoneos;
			};
			name = Debug;
		};
		4DE9EB72170D870A005B295E /* Release */ = {
			isa = XCBuildConfiguration;
			buildSettings = {
				ALWAYS_SEARCH_USER_PATHS = NO;
				CLANG_CXX_LANGUAGE_STANDARD = "gnu++0x";
				CLANG_CXX_LIBRARY = "libc++";
				CLANG_ENABLE_OBJC_ARC = YES;
				CLANG_WARN_CONSTANT_CONVERSION = YES;
				CLANG_WARN_EMPTY_BODY = YES;
				CLANG_WARN_ENUM_CONVERSION = YES;
				CLANG_WARN_INT_CONVERSION = YES;
				CLANG_WARN__DUPLICATE_METHOD_MATCH = YES;
				COPY_PHASE_STRIP = YES;
				GCC_C_LANGUAGE_STANDARD = gnu99;
				GCC_WARN_ABOUT_RETURN_TYPE = YES;
				GCC_WARN_UNINITIALIZED_AUTOS = YES;
				GCC_WARN_UNUSED_VARIABLE = YES;
				IPHONEOS_DEPLOYMENT_TARGET = 6.1;
				SDKROOT = iphoneos;
				VALIDATE_PRODUCT = YES;
			};
			name = Release;
		};
		4DE9EB74170D870A005B295E /* Debug */ = {
			isa = XCBuildConfiguration;
			buildSettings = {
				DSTROOT = /tmp/KATSocketShuttle.dst;
				HEADER_SEARCH_PATHS = "${SRCROOT}/Third-Party/SocketRocket/";
				PRODUCT_NAME = SocketShuttle;
				SKIP_INSTALL = YES;
				USER_HEADER_SEARCH_PATHS = "";
			};
			name = Debug;
		};
		4DE9EB75170D870A005B295E /* Release */ = {
			isa = XCBuildConfiguration;
			buildSettings = {
				DSTROOT = /tmp/KATSocketShuttle.dst;
				HEADER_SEARCH_PATHS = "${SRCROOT}/Third-Party/SocketRocket/";
				PRODUCT_NAME = SocketShuttle;
				SKIP_INSTALL = YES;
				USER_HEADER_SEARCH_PATHS = "";
			};
			name = Release;
		};
		905AF9C317BB3F40002FDE4E /* Debug */ = {
			isa = XCBuildConfiguration;
			buildSettings = {
				CLANG_ENABLE_MODULES = YES;
				CLANG_WARN_BOOL_CONVERSION = YES;
				CLANG_WARN_DIRECT_OBJC_ISA_USAGE = YES_ERROR;
				CLANG_WARN_OBJC_ROOT_CLASS = YES_ERROR;
				COMBINE_HIDPI_IMAGES = YES;
				DYLIB_COMPATIBILITY_VERSION = 1;
				DYLIB_CURRENT_VERSION = 1;
				FRAMEWORK_SEARCH_PATHS = (
					"$(inherited)",
					"$(DEVELOPER_FRAMEWORKS_DIR_QUOTED)",
				);
				FRAMEWORK_VERSION = A;
				GCC_ENABLE_OBJC_EXCEPTIONS = YES;
				GCC_PRECOMPILE_PREFIX_HEADER = YES;
				GCC_PREFIX_HEADER = "SocketShuttleOSX/SocketShuttleOSX-Prefix.pch";
				GCC_PREPROCESSOR_DEFINITIONS = (
					"DEBUG=1",
					"$(inherited)",
				);
				GCC_WARN_64_TO_32_BIT_CONVERSION = YES;
				GCC_WARN_ABOUT_RETURN_TYPE = YES_ERROR;
				GCC_WARN_UNDECLARED_SELECTOR = YES;
				GCC_WARN_UNUSED_FUNCTION = YES;
				INFOPLIST_FILE = "SocketShuttleOSX/SocketShuttleOSX-Info.plist";
				LD_DYLIB_INSTALL_NAME = "@loader_path/../$(EXECUTABLE_PATH)";
				MACOSX_DEPLOYMENT_TARGET = 10.9;
				PRODUCT_NAME = SocketShuttle;
				SDKROOT = macosx;
				WRAPPER_EXTENSION = framework;
			};
			name = Debug;
		};
		905AF9C417BB3F40002FDE4E /* Release */ = {
			isa = XCBuildConfiguration;
			buildSettings = {
				CLANG_ENABLE_MODULES = YES;
				CLANG_WARN_BOOL_CONVERSION = YES;
				CLANG_WARN_DIRECT_OBJC_ISA_USAGE = YES_ERROR;
				CLANG_WARN_OBJC_ROOT_CLASS = YES_ERROR;
				COMBINE_HIDPI_IMAGES = YES;
				DEBUG_INFORMATION_FORMAT = "dwarf-with-dsym";
				DYLIB_COMPATIBILITY_VERSION = 1;
				DYLIB_CURRENT_VERSION = 1;
				ENABLE_NS_ASSERTIONS = NO;
				FRAMEWORK_SEARCH_PATHS = (
					"$(inherited)",
					"$(DEVELOPER_FRAMEWORKS_DIR_QUOTED)",
				);
				FRAMEWORK_VERSION = A;
				GCC_ENABLE_OBJC_EXCEPTIONS = YES;
				GCC_PRECOMPILE_PREFIX_HEADER = YES;
				GCC_PREFIX_HEADER = "SocketShuttleOSX/SocketShuttleOSX-Prefix.pch";
				GCC_WARN_64_TO_32_BIT_CONVERSION = YES;
				GCC_WARN_ABOUT_RETURN_TYPE = YES_ERROR;
				GCC_WARN_UNDECLARED_SELECTOR = YES;
				GCC_WARN_UNUSED_FUNCTION = YES;
				INFOPLIST_FILE = "SocketShuttleOSX/SocketShuttleOSX-Info.plist";
				LD_DYLIB_INSTALL_NAME = "@loader_path/../$(EXECUTABLE_PATH)";
				MACOSX_DEPLOYMENT_TARGET = 10.9;
				PRODUCT_NAME = SocketShuttle;
				SDKROOT = macosx;
				WRAPPER_EXTENSION = framework;
			};
			name = Release;
		};
/* End XCBuildConfiguration section */

/* Begin XCConfigurationList section */
		4DE9EB60170D870A005B295E /* Build configuration list for PBXProject "SocketShuttle" */ = {
			isa = XCConfigurationList;
			buildConfigurations = (
				4DE9EB71170D870A005B295E /* Debug */,
				4DE9EB72170D870A005B295E /* Release */,
			);
			defaultConfigurationIsVisible = 0;
			defaultConfigurationName = Release;
		};
		4DE9EB73170D870A005B295E /* Build configuration list for PBXNativeTarget "SocketShuttle" */ = {
			isa = XCConfigurationList;
			buildConfigurations = (
				4DE9EB74170D870A005B295E /* Debug */,
				4DE9EB75170D870A005B295E /* Release */,
			);
			defaultConfigurationIsVisible = 0;
			defaultConfigurationName = Release;
		};
		905AF9CB17BB3F40002FDE4E /* Build configuration list for PBXNativeTarget "SocketShuttleOSX" */ = {
			isa = XCConfigurationList;
			buildConfigurations = (
				905AF9C317BB3F40002FDE4E /* Debug */,
				905AF9C417BB3F40002FDE4E /* Release */,
			);
			defaultConfigurationIsVisible = 0;
		};
/* End XCConfigurationList section */
	};
	rootObject = 4DE9EB5D170D870A005B295E /* Project object */;
}
